{
  "name": "free-zakupki-gov-ru-monitor-tests",
  "version": "0.1.0",
  "lockfileVersion": 3,
  "requires": true,
  "packages": {
    "": {
      "name": "free-zakupki-gov-ru-monitor-tests",
      "version": "0.1.0",
      "dependencies": {
        "@xmldom/xmldom": "^0.8.10"
      }
    },
    "node_modules/@xmldom/xmldom": {
      "version": "0.8.13",
      "resolved": "https://registry.npmjs.org/@xmldom/xmldom/-/xmldom-0.8.13.tgz",
      "integrity": "sha512-KRYzxepc14G/CEpEGc3Yn+JKaAeT63smlDr+vjB8jRfgTBBI9wRj/nkQEO+ucV8p8I9bfKLWp37uHgFrbntPvw==",
      "license": "MIT",
      "engines": {
        "node": ">=10.0.0"
      }
    }
  }
}
